
Microsoft Visual Studio Solution File, Format Version 12.00
# Visual Studio Version 17
VisualStudioVersion = 17.7.34202.233
MinimumVisualStudioVersion = 10.0.40219.1
Project("{FAE04EC0-301F-11D3-BF4B-00C04F79EFBC}") = "Calculator", "Calculator\Calculator.csproj", "{7D952317-7BED-4851-B672-FE7312A880A7}"
EndProject
Global
	GlobalSection(SolutionConfigurationPlatforms) = preSolution
		Debug|Any CPU = Debug|Any CPU
		Release|Any CPU = Release|Any CPU
	EndGlobalSection
	GlobalSection(ProjectConfigurationPlatforms) = postSolution
		{7D952317-7BED-4851-B672-FE7312A880A7}.Debug|Any CPU.ActiveCfg = Debug|Any CPU
		{7D952317-7BED-4851-B672-FE7312A880A7}.Debug|Any CPU.Build.0 = Debug|Any CPU
		{7D952317-7BED-4851-B672-FE7312A880A7}.Release|Any CPU.ActiveCfg = Release|Any CPU
		{7D952317-7BED-4851-B672-FE7312A880A7}.Release|Any CPU.Build.0 = Release|Any CPU
	EndGlobalSection
	GlobalSection(SolutionProperties) = preSolution
		HideSolutionNode = FALSE
	EndGlobalSection
	GlobalSection(ExtensibilityGlobals) = postSolution
		SolutionGuid = {72DEB08B-D8F1-48D4-9EAD-04BD0A6D34F5}
	EndGlobalSection
EndGlobal
